
Microsoft Visual Studio Solution File, Format Version 12.00
# Visual Studio Version 17
VisualStudioVersion = 17.12.35309.182
MinimumVisualStudioVersion = 10.0.40219.1
Project("{9A19103F-16F7-4668-BE54-9A1E7A4F7556}") = "RefuseManagementPortal", "ManagementPortal\RefuseManagementPortal.csproj", "{94CBAEF3-AE43-4D55-B521-79064FAC3E7B}"
EndProject
Project("{9A19103F-16F7-4668-BE54-9A1E7A4F7556}") = "DispatchRecordAPI", "API\DispatchRecordAPI.csproj", "{FD33B49B-EE12-4BB7-B61C-82F56F1FBB2E}"
EndProject
Global
	GlobalSection(SolutionConfigurationPlatforms) = preSolution
		Debug|Any CPU = Debug|Any CPU
		Release|Any CPU = Release|Any CPU
	EndGlobalSection
	GlobalSection(ProjectConfigurationPlatforms) = postSolution
		{94CBAEF3-AE43-4D55-B521-79064FAC3E7B}.Debug|Any CPU.ActiveCfg = Debug|Any CPU
		{94CBAEF3-AE43-4D55-B521-79064FAC3E7B}.Debug|Any CPU.Build.0 = Debug|Any CPU
		{94CBAEF3-AE43-4D55-B521-79064FAC3E7B}.Release|Any CPU.ActiveCfg = Release|Any CPU
		{94CBAEF3-AE43-4D55-B521-79064FAC3E7B}.Release|Any CPU.Build.0 = Release|Any CPU
		{FD33B49B-EE12-4BB7-B61C-82F56F1FBB2E}.Debug|Any CPU.ActiveCfg = Debug|Any CPU
		{FD33B49B-EE12-4BB7-B61C-82F56F1FBB2E}.Debug|Any CPU.Build.0 = Debug|Any CPU
		{FD33B49B-EE12-4BB7-B61C-82F56F1FBB2E}.Release|Any CPU.ActiveCfg = Release|Any CPU
		{FD33B49B-EE12-4BB7-B61C-82F56F1FBB2E}.Release|Any CPU.Build.0 = Release|Any CPU
	EndGlobalSection
	GlobalSection(SolutionProperties) = preSolution
		HideSolutionNode = FALSE
	EndGlobalSection
	GlobalSection(ExtensibilityGlobals) = postSolution
		SolutionGuid = {14E1259D-0FAB-47AE-BC22-7AF23A74D503}
	EndGlobalSection
EndGlobal
