
Microsoft Visual Studio Solution File, Format Version 12.00
# Visual Studio Version 17
VisualStudioVersion = 17.12.35309.182
MinimumVisualStudioVersion = 10.0.40219.1
Project("{9A19103F-16F7-4668-BE54-9A1E7A4F7556}") = "RefuseManagementPortal", "RefuseManagementPortal.csproj", "{018C5A1D-708A-44C4-A6EA-35E84D9BDB85}"
EndProject
Global
	GlobalSection(SolutionConfigurationPlatforms) = preSolution
		Debug|Any CPU = Debug|Any CPU
		Release|Any CPU = Release|Any CPU
	EndGlobalSection
	GlobalSection(ProjectConfigurationPlatforms) = postSolution
		{018C5A1D-708A-44C4-A6EA-35E84D9BDB85}.Debug|Any CPU.ActiveCfg = Debug|Any CPU
		{018C5A1D-708A-44C4-A6EA-35E84D9BDB85}.Debug|Any CPU.Build.0 = Debug|Any CPU
		{018C5A1D-708A-44C4-A6EA-35E84D9BDB85}.Release|Any CPU.ActiveCfg = Release|Any CPU
		{018C5A1D-708A-44C4-A6EA-35E84D9BDB85}.Release|Any CPU.Build.0 = Release|Any CPU
	EndGlobalSection
	GlobalSection(SolutionProperties) = preSolution
		HideSolutionNode = FALSE
	EndGlobalSection
	GlobalSection(ExtensibilityGlobals) = postSolution
		SolutionGuid = {14E1259D-0FAB-47AE-BC22-7AF23A74D503}
	EndGlobalSection
EndGlobal
